
Microsoft Visual Studio Solution File, Format Version 12.00
# Visual Studio Version 17
VisualStudioVersion = 17.8.34408.163
MinimumVisualStudioVersion = 10.0.40219.1
Project("{9A19103F-16F7-4668-BE54-9A1E7A4F7556}") = "VottunERC20API.NET", "VottumERC20API.NET\VottunERC20API.NET.csproj", "{9B6333B3-CE25-4EC2-92B3-76376DD239E1}"
EndProject
Project("{9A19103F-16F7-4668-BE54-9A1E7A4F7556}") = "VottunERC20API.NET.Examples", "VottunERC20API.NET.Examples\VottunERC20API.NET.Examples.csproj", "{76B81380-B5FD-4C82-85F7-C69769342938}"
	ProjectSection(ProjectDependencies) = postProject
		{9B6333B3-CE25-4EC2-92B3-76376DD239E1} = {9B6333B3-CE25-4EC2-92B3-76376DD239E1}
	EndProjectSection
EndProject
Project("{FAE04EC0-301F-11D3-BF4B-00C04F79EFBC}") = "VottunERC20API.NET.Tests", "VottunERC20API.NET.Tests\VottunERC20API.NET.Tests.csproj", "{A3789B5E-89F7-4C2F-B56F-FA0726028B27}"
EndProject
Global
	GlobalSection(SolutionConfigurationPlatforms) = preSolution
		Debug|Any CPU = Debug|Any CPU
		Release|Any CPU = Release|Any CPU
	EndGlobalSection
	GlobalSection(ProjectConfigurationPlatforms) = postSolution
		{9B6333B3-CE25-4EC2-92B3-76376DD239E1}.Debug|Any CPU.ActiveCfg = Debug|Any CPU
		{9B6333B3-CE25-4EC2-92B3-76376DD239E1}.Debug|Any CPU.Build.0 = Debug|Any CPU
		{9B6333B3-CE25-4EC2-92B3-76376DD239E1}.Release|Any CPU.ActiveCfg = Release|Any CPU
		{9B6333B3-CE25-4EC2-92B3-76376DD239E1}.Release|Any CPU.Build.0 = Release|Any CPU
		{76B81380-B5FD-4C82-85F7-C69769342938}.Debug|Any CPU.ActiveCfg = Debug|Any CPU
		{76B81380-B5FD-4C82-85F7-C69769342938}.Debug|Any CPU.Build.0 = Debug|Any CPU
		{76B81380-B5FD-4C82-85F7-C69769342938}.Release|Any CPU.ActiveCfg = Release|Any CPU
		{76B81380-B5FD-4C82-85F7-C69769342938}.Release|Any CPU.Build.0 = Release|Any CPU
		{A3789B5E-89F7-4C2F-B56F-FA0726028B27}.Debug|Any CPU.ActiveCfg = Debug|Any CPU
		{A3789B5E-89F7-4C2F-B56F-FA0726028B27}.Debug|Any CPU.Build.0 = Debug|Any CPU
		{A3789B5E-89F7-4C2F-B56F-FA0726028B27}.Release|Any CPU.ActiveCfg = Release|Any CPU
		{A3789B5E-89F7-4C2F-B56F-FA0726028B27}.Release|Any CPU.Build.0 = Release|Any CPU
	EndGlobalSection
	GlobalSection(SolutionProperties) = preSolution
		HideSolutionNode = FALSE
	EndGlobalSection
	GlobalSection(ExtensibilityGlobals) = postSolution
		SolutionGuid = {99C09342-D1A6-4F26-9461-332A944FF9A0}
	EndGlobalSection
EndGlobal
